// !$*UTF8*$!
{
	archiveVersion = 1;
	classes = {
	};
	objectVersion = 46;
	objects = {

/* Begin PBXBuildFile section */
		F22C99FB1C7D5FDB00662EEA /* AppDelegate.swift in Sources */ = {isa = PBXBuildFile; fileRef = F22C99FA1C7D5FDB00662EEA /* AppDelegate.swift */; };
		F22C99FD1C7D5FDB00662EEA /* ViewController.swift in Sources */ = {isa = PBXBuildFile; fileRef = F22C99FC1C7D5FDB00662EEA /* ViewController.swift */; };
		F22C9A001C7D5FDB00662EEA /* Main.storyboard in Resources */ = {isa = PBXBuildFile; fileRef = F22C99FE1C7D5FDB00662EEA /* Main.storyboard */; };
		F22C9A021C7D5FDB00662EEA /* Assets.xcassets in Resources */ = {isa = PBXBuildFile; fileRef = F22C9A011C7D5FDB00662EEA /* Assets.xcassets */; };
		F22C9A051C7D5FDB00662EEA /* LaunchScreen.storyboard in Resources */ = {isa = PBXBuildFile; fileRef = F22C9A031C7D5FDB00662EEA /* LaunchScreen.storyboard */; };
		F22C9A101C7D5FDB00662EEA /* Instagram2Tests.swift in Sources */ = {isa = PBXBuildFile; fileRef = F22C9A0F1C7D5FDB00662EEA /* Instagram2Tests.swift */; };
		F22C9A1B1C7D5FDB00662EEA /* Instagram2UITests.swift in Sources */ = {isa = PBXBuildFile; fileRef = F22C9A1A1C7D5FDB00662EEA /* Instagram2UITests.swift */; };
/* End PBXBuildFile section */

/* Begin PBXContainerItemProxy section */
		F22C9A0C1C7D5FDB00662EEA /* PBXContainerItemProxy */ = {
			isa = PBXContainerItemProxy;
			containerPortal = F22C99EF1C7D5FDB00662EEA /* Project object */;
			proxyType = 1;
			remoteGlobalIDString = F22C99F61C7D5FDB00662EEA;
			remoteInfo = Instagram2;
		};
		F22C9A171C7D5FDB00662EEA /* PBXContainerItemProxy */ = {
			isa = PBXContainerItemProxy;
			containerPortal = F22C99EF1C7D5FDB00662EEA /* Project object */;
			proxyType = 1;
			remoteGlobalIDString = F22C99F61C7D5FDB00662EEA;
			remoteInfo = Instagram2;
		};
/* End PBXContainerItemProxy section */

/* Begin PBXFileReference section */
		F22C99F71C7D5FDB00662EEA /* Instagram2.app */ = {isa = PBXFileReference; explicitFileType = wrapper.application; includeInIndex = 0; path = Instagram2.app; sourceTree = BUILT_PRODUCTS_DIR; };
		F22C99FA1C7D5FDB00662EEA /* AppDelegate.swift */ = {isa = PBXFileReference; lastKnownFileType = sourcecode.swift; path = AppDelegate.swift; sourceTree = "<group>"; };
		F22C99FC1C7D5FDB00662EEA /* ViewController.swift */ = {isa = PBXFileReference; lastKnownFileType = sourcecode.swift; path = ViewController.swift; sourceTree = "<group>"; };
		F22C99FF1C7D5FDB00662EEA /* Base */ = {isa = PBXFileReference; lastKnownFileType = file.storyboard; name = Base; path = Base.lproj/Main.storyboard; sourceTree = "<group>"; };
		F22C9A011C7D5FDB00662EEA /* Assets.xcassets */ = {isa = PBXFileReference; lastKnownFileType = folder.assetcatalog; path = Assets.xcassets; sourceTree = "<group>"; };
		F22C9A041C7D5FDB00662EEA /* Base */ = {isa = PBXFileReference; lastKnownFileType = file.storyboard; name = Base; path = Base.lproj/LaunchScreen.storyboard; sourceTree = "<group>"; };
		F22C9A061C7D5FDB00662EEA /* Info.plist */ = {isa = PBXFileReference; lastKnownFileType = text.plist.xml; path = Info.plist; sourceTree = "<group>"; };
		F22C9A0B1C7D5FDB00662EEA /* Instagram2Tests.xctest */ = {isa = PBXFileReference; explicitFileType = wrapper.cfbundle; includeInIndex = 0; path = Instagram2Tests.xctest; sourceTree = BUILT_PRODUCTS_DIR; };
		F22C9A0F1C7D5FDB00662EEA /* Instagram2Tests.swift */ = {isa = PBXFileReference; lastKnownFileType = sourcecode.swift; path = Instagram2Tests.swift; sourceTree = "<group>"; };
		F22C9A111C7D5FDB00662EEA /* Info.plist */ = {isa = PBXFileReference; lastKnownFileType = text.plist.xml; path = Info.plist; sourceTree = "<group>"; };
		F22C9A161C7D5FDB00662EEA /* Instagram2UITests.xctest */ = {isa = PBXFileReference; explicitFileType = wrapper.cfbundle; includeInIndex = 0; path = Instagram2UITests.xctest; sourceTree = BUILT_PRODUCTS_DIR; };
		F22C9A1A1C7D5FDB00662EEA /* Instagram2UITests.swift */ = {isa = PBXFileReference; lastKnownFileType = sourcecode.swift; path = Instagram2UITests.swift; sourceTree = "<group>"; };
		F22C9A1C1C7D5FDB00662EEA /* Info.plist */ = {isa = PBXFileReference; lastKnownFileType = text.plist.xml; path = Info.plist; sourceTree = "<group>"; };
/* End PBXFileReference section */

/* Begin PBXFrameworksBuildPhase section */
		F22C99F41C7D5FDB00662EEA /* Frameworks */ = {
			isa = PBXFrameworksBuildPhase;
			buildActionMask = 2147483647;
			files = (
			);
			runOnlyForDeploymentPostprocessing = 0;
		};
		F22C9A081C7D5FDB00662EEA /* Frameworks */ = {
			isa = PBXFrameworksBuildPhase;
			buildActionMask = 2147483647;
			files = (
			);
			runOnlyForDeploymentPostprocessing = 0;
		};
		F22C9A131C7D5FDB00662EEA /* Frameworks */ = {
			isa = PBXFrameworksBuildPhase;
			buildActionMask = 2147483647;
			files = (
			);
			runOnlyForDeploymentPostprocessing = 0;
		};
/* End PBXFrameworksBuildPhase section */

/* Begin PBXGroup section */
		F22C99EE1C7D5FDB00662EEA = {
			isa = PBXGroup;
			children = (
				F22C99F91C7D5FDB00662EEA /* Instagram2 */,
				F22C9A0E1C7D5FDB00662EEA /* Instagram2Tests */,
				F22C9A191C7D5FDB00662EEA /* Instagram2UITests */,
				F22C99F81C7D5FDB00662EEA /* Products */,
			);
			sourceTree = "<group>";
		};
		F22C99F81C7D5FDB00662EEA /* Products */ = {
			isa = PBXGroup;
			children = (
				F22C99F71C7D5FDB00662EEA /* Instagram2.app */,
				F22C9A0B1C7D5FDB00662EEA /* Instagram2Tests.xctest */,
				F22C9A161C7D5FDB00662EEA /* Instagram2UITests.xctest */,
			);
			name = Products;
			sourceTree = "<group>";
		};
		F22C99F91C7D5FDB00662EEA /* Instagram2 */ = {
			isa = PBXGroup;
			children = (
				F22C99FA1C7D5FDB00662EEA /* AppDelegate.swift */,
				F22C99FC1C7D5FDB00662EEA /* ViewController.swift */,
				F22C99FE1C7D5FDB00662EEA /* Main.storyboard */,
				F22C9A011C7D5FDB00662EEA /* Assets.xcassets */,
				F22C9A031C7D5FDB00662EEA /* LaunchScreen.storyboard */,
				F22C9A061C7D5FDB00662EEA /* Info.plist */,
			);
			path = Instagram2;
			sourceTree = "<group>";
		};
		F22C9A0E1C7D5FDB00662EEA /* Instagram2Tests */ = {
			isa = PBXGroup;
			children = (
				F22C9A0F1C7D5FDB00662EEA /* Instagram2Tests.swift */,
				F22C9A111C7D5FDB00662EEA /* Info.plist */,
			);
			path = Instagram2Tests;
			sourceTree = "<group>";
		};
		F22C9A191C7D5FDB00662EEA /* Instagram2UITests */ = {
			isa = PBXGroup;
			children = (
				F22C9A1A1C7D5FDB00662EEA /* Instagram2UITests.swift */,
				F22C9A1C1C7D5FDB00662EEA /* Info.plist */,
			);
			path = Instagram2UITests;
			sourceTree = "<group>";
		};
/* End PBXGroup section */

/* Begin PBXNativeTarget section */
		F22C99F61C7D5FDB00662EEA /* Instagram2 */ = {
			isa = PBXNativeTarget;
			buildConfigurationList = F22C9A1F1C7D5FDB00662EEA /* Build configuration list for PBXNativeTarget "Instagram2" */;
			buildPhases = (
				F22C99F31C7D5FDB00662EEA /* Sources */,
				F22C99F41C7D5FDB00662EEA /* Frameworks */,
				F22C99F51C7D5FDB00662EEA /* Resources */,
			);
			buildRules = (
			);
			dependencies = (
			);
			name = Instagram2;
			productName = Instagram2;
			productReference = F22C99F71C7D5FDB00662EEA /* Instagram2.app */;
			productType = "com.apple.product-type.application";
		};
		F22C9A0A1C7D5FDB00662EEA /* Instagram2Tests */ = {
			isa = PBXNativeTarget;
			buildConfigurationList = F22C9A221C7D5FDB00662EEA /* Build configuration list for PBXNativeTarget "Instagram2Tests" */;
			buildPhases = (
				F22C9A071C7D5FDB00662EEA /* Sources */,
				F22C9A081C7D5FDB00662EEA /* Frameworks */,
				F22C9A091C7D5FDB00662EEA /* Resources */,
			);
			buildRules = (
			);
			dependencies = (
				F22C9A0D1C7D5FDB00662EEA /* PBXTargetDependency */,
			);
			name = Instagram2Tests;
			productName = Instagram2Tests;
			productReference = F22C9A0B1C7D5FDB00662EEA /* Instagram2Tests.xctest */;
			productType = "com.apple.product-type.bundle.unit-test";
		};
		F22C9A151C7D5FDB00662EEA /* Instagram2UITests */ = {
			isa = PBXNativeTarget;
			buildConfigurationList = F22C9A251C7D5FDB00662EEA /* Build configuration list for PBXNativeTarget "Instagram2UITests" */;
			buildPhases = (
				F22C9A121C7D5FDB00662EEA /* Sources */,
				F22C9A131C7D5FDB00662EEA /* Frameworks */,
				F22C9A141C7D5FDB00662EEA /* Resources */,
			);
			buildRules = (
			);
			dependencies = (
				F22C9A181C7D5FDB00662EEA /* PBXTargetDependency */,
			);
			name = Instagram2UITests;
			productName = Instagram2UITests;
			productReference = F22C9A161C7D5FDB00662EEA /* Instagram2UITests.xctest */;
			productType = "com.apple.product-type.bundle.ui-testing";
		};
/* End PBXNativeTarget section */

/* Begin PBXProject section */
		F22C99EF1C7D5FDB00662EEA /* Project object */ = {
			isa = PBXProject;
			attributes = {
				LastSwiftUpdateCheck = 0720;
				LastUpgradeCheck = 0720;
				ORGANIZATIONNAME = "Dustin Langner";
				TargetAttributes = {
					F22C99F61C7D5FDB00662EEA = {
						CreatedOnToolsVersion = 7.2.1;
						DevelopmentTeam = 246MWQMB7C;
					};
					F22C9A0A1C7D5FDB00662EEA = {
						CreatedOnToolsVersion = 7.2.1;
						DevelopmentTeam = 246MWQMB7C;
						TestTargetID = F22C99F61C7D5FDB00662EEA;
					};
					F22C9A151C7D5FDB00662EEA = {
						CreatedOnToolsVersion = 7.2.1;
						DevelopmentTeam = 246MWQMB7C;
						TestTargetID = F22C99F61C7D5FDB00662EEA;
					};
				};
			};
			buildConfigurationList = F22C99F21C7D5FDB00662EEA /* Build configuration list for PBXProject "Instagram2" */;
			compatibilityVersion = "Xcode 3.2";
			developmentRegion = English;
			hasScannedForEncodings = 0;
			knownRegions = (
				en,
				Base,
			);
			mainGroup = F22C99EE1C7D5FDB00662EEA;
			productRefGroup = F22C99F81C7D5FDB00662EEA /* Products */;
			projectDirPath = "";
			projectRoot = "";
			targets = (
				F22C99F61C7D5FDB00662EEA /* Instagram2 */,
				F22C9A0A1C7D5FDB00662EEA /* Instagram2Tests */,
				F22C9A151C7D5FDB00662EEA /* Instagram2UITests */,
			);
		};
/* End PBXProject section */

/* Begin PBXResourcesBuildPhase section */
		F22C99F51C7D5FDB00662EEA /* Resources */ = {
			isa = PBXResourcesBuildPhase;
			buildActionMask = 2147483647;
			files = (
				F22C9A051C7D5FDB00662EEA /* LaunchScreen.storyboard in Resources */,
				F22C9A021C7D5FDB00662EEA /* Assets.xcassets in Resources */,
				F22C9A001C7D5FDB00662EEA /* Main.storyboard in Resources */,
			);
			runOnlyForDeploymentPostprocessing = 0;
		};
		F22C9A091C7D5FDB00662EEA /* Resources */ = {
			isa = PBXResourcesBuildPhase;
			buildActionMask = 2147483647;
			files = (
			);
			runOnlyForDeploymentPostprocessing = 0;
		};
		F22C9A141C7D5FDB00662EEA /* Resources */ = {
			isa = PBXResourcesBuildPhase;
			buildActionMask = 2147483647;
			files = (
			);
			runOnlyForDeploymentPostprocessing = 0;
		};
/* End PBXResourcesBuildPhase section */

/* Begin PBXSourcesBuildPhase section */
		F22C99F31C7D5FDB00662EEA /* Sources */ = {
			isa = PBXSourcesBuildPhase;
			buildActionMask = 2147483647;
			files = (
				F22C99FD1C7D5FDB00662EEA /* ViewController.swift in Sources */,
				F22C99FB1C7D5FDB00662EEA /* AppDelegate.swift in Sources */,
			);
			runOnlyForDeploymentPostprocessing = 0;
		};
		F22C9A071C7D5FDB00662EEA /* Sources */ = {
			isa = PBXSourcesBuildPhase;
			buildActionMask = 2147483647;
			files = (
				F22C9A101C7D5FDB00662EEA /* Instagram2Tests.swift in Sources */,
			);
			runOnlyForDeploymentPostprocessing = 0;
		};
		F22C9A121C7D5FDB00662EEA /* Sources */ = {
			isa = PBXSourcesBuildPhase;
			buildActionMask = 2147483647;
			files = (
				F22C9A1B1C7D5FDB00662EEA /* Instagram2UITests.swift in Sources */,
			);
			runOnlyForDeploymentPostprocessing = 0;
		};
/* End PBXSourcesBuildPhase section */

/* Begin PBXTargetDependency section */
		F22C9A0D1C7D5FDB00662EEA /* PBXTargetDependency */ = {
			isa = PBXTargetDependency;
			target = F22C99F61C7D5FDB00662EEA /* Instagram2 */;
			targetProxy = F22C9A0C1C7D5FDB00662EEA /* PBXContainerItemProxy */;
		};
		F22C9A181C7D5FDB00662EEA /* PBXTargetDependency */ = {
			isa = PBXTargetDependency;
			target = F22C99F61C7D5FDB00662EEA /* Instagram2 */;
			targetProxy = F22C9A171C7D5FDB00662EEA /* PBXContainerItemProxy */;
		};
/* End PBXTargetDependency section */

/* Begin PBXVariantGroup section */
		F22C99FE1C7D5FDB00662EEA /* Main.storyboard */ = {
			isa = PBXVariantGroup;
			children = (
				F22C99FF1C7D5FDB00662EEA /* Base */,
			);
			name = Main.storyboard;
			sourceTree = "<group>";
		};
		F22C9A031C7D5FDB00662EEA /* LaunchScreen.storyboard */ = {
			isa = PBXVariantGroup;
			children = (
				F22C9A041C7D5FDB00662EEA /* Base */,
			);
			name = LaunchScreen.storyboard;
			sourceTree = "<group>";
		};
/* End PBXVariantGroup section */

/* Begin XCBuildConfiguration section */
		F22C9A1D1C7D5FDB00662EEA /* Debug */ = {
			isa = XCBuildConfiguration;
			buildSettings = {
				ALWAYS_SEARCH_USER_PATHS = NO;
				CLANG_CXX_LANGUAGE_STANDARD = "gnu++0x";
				CLANG_CXX_LIBRARY = "libc++";
				CLANG_ENABLE_MODULES = YES;
				CLANG_ENABLE_OBJC_ARC = YES;
				CLANG_WARN_BOOL_CONVERSION = YES;
				CLANG_WARN_CONSTANT_CONVERSION = YES;
				CLANG_WARN_DIRECT_OBJC_ISA_USAGE = YES_ERROR;
				CLANG_WARN_EMPTY_BODY = YES;
				CLANG_WARN_ENUM_CONVERSION = YES;
				CLANG_WARN_INT_CONVERSION = YES;
				CLANG_WARN_OBJC_ROOT_CLASS = YES_ERROR;
				CLANG_WARN_UNREACHABLE_CODE = YES;
				CLANG_WARN__DUPLICATE_METHOD_MATCH = YES;
				"CODE_SIGN_IDENTITY[sdk=iphoneos*]" = "iPhone Developer";
				COPY_PHASE_STRIP = NO;
				DEBUG_INFORMATION_FORMAT = dwarf;
				ENABLE_STRICT_OBJC_MSGSEND = YES;
				ENABLE_TESTABILITY = YES;
				GCC_C_LANGUAGE_STANDARD = gnu99;
				GCC_DYNAMIC_NO_PIC = NO;
				GCC_NO_COMMON_BLOCKS = YES;
				GCC_OPTIMIZATION_LEVEL = 0;
				GCC_PREPROCESSOR_DEFINITIONS = (
					"DEBUG=1",
					"$(inherited)",
				);
				GCC_WARN_64_TO_32_BIT_CONVERSION = YES;
				GCC_WARN_ABOUT_RETURN_TYPE = YES_ERROR;
				GCC_WARN_UNDECLARED_SELECTOR = YES;
				GCC_WARN_UNINITIALIZED_AUTOS = YES_AGGRESSIVE;
				GCC_WARN_UNUSED_FUNCTION = YES;
				GCC_WARN_UNUSED_VARIABLE = YES;
				IPHONEOS_DEPLOYMENT_TARGET = 9.2;
				MTL_ENABLE_DEBUG_INFO = YES;
				ONLY_ACTIVE_ARCH = YES;
				SDKROOT = iphoneos;
				SWIFT_OPTIMIZATION_LEVEL = "-Onone";
			};
			name = Debug;
		};
		F22C9A1E1C7D5FDB00662EEA /* Release */ = {
			isa = XCBuildConfiguration;
			buildSettings = {
				ALWAYS_SEARCH_USER_PATHS = NO;
				CLANG_CXX_LANGUAGE_STANDARD = "gnu++0x";
				CLANG_CXX_LIBRARY = "libc++";
				CLANG_ENABLE_MODULES = YES;
				CLANG_ENABLE_OBJC_ARC = YES;
				CLANG_WARN_BOOL_CONVERSION = YES;
				CLANG_WARN_CONSTANT_CONVERSION = YES;
				CLANG_WARN_DIRECT_OBJC_ISA_USAGE = YES_ERROR;
				CLANG_WARN_EMPTY_BODY = YES;
				CLANG_WARN_ENUM_CONVERSION = YES;
				CLANG_WARN_INT_CONVERSION = YES;
				CLANG_WARN_OBJC_ROOT_CLASS = YES_ERROR;
				CLANG_WARN_UNREACHABLE_CODE = YES;
				CLANG_WARN__DUPLICATE_METHOD_MATCH = YES;
				"CODE_SIGN_IDENTITY[sdk=iphoneos*]" = "iPhone Developer";
				COPY_PHASE_STRIP = NO;
				DEBUG_INFORMATION_FORMAT = "dwarf-with-dsym";
				ENABLE_NS_ASSERTIONS = NO;
				ENABLE_STRICT_OBJC_MSGSEND = YES;
				GCC_C_LANGUAGE_STANDARD = gnu99;
				GCC_NO_COMMON_BLOCKS = YES;
				GCC_WARN_64_TO_32_BIT_CONVERSION = YES;
				GCC_WARN_ABOUT_RETURN_TYPE = YES_ERROR;
				GCC_WARN_UNDECLARED_SELECTOR = YES;
				GCC_WARN_UNINITIALIZED_AUTOS = YES_AGGRESSIVE;
				GCC_WARN_UNUSED_FUNCTION = YES;
				GCC_WARN_UNUSED_VARIABLE = YES;
				IPHONEOS_DEPLOYMENT_TARGET = 9.2;
				MTL_ENABLE_DEBUG_INFO = NO;
				SDKROOT = iphoneos;
				VALIDATE_PRODUCT = YES;
			};
			name = Release;
		};
		F22C9A201C7D5FDB00662EEA /* Debug */ = {
			isa = XCBuildConfiguration;
			buildSettings = {
				ASSETCATALOG_COMPILER_APPICON_NAME = AppIcon;
				INFOPLIST_FILE = Instagram2/Info.plist;
				LD_RUNPATH_SEARCH_PATHS = "$(inherited) @executable_path/Frameworks";
				PRODUCT_BUNDLE_IDENTIFIER = com.dustinlangner.Instagram2;
				PRODUCT_NAME = "$(TARGET_NAME)";
			};
			name = Debug;
		};
		F22C9A211C7D5FDB00662EEA /* Release */ = {
			isa = XCBuildConfiguration;
			buildSettings = {
				ASSETCATALOG_COMPILER_APPICON_NAME = AppIcon;
				INFOPLIST_FILE = Instagram2/Info.plist;
				LD_RUNPATH_SEARCH_PATHS = "$(inherited) @executable_path/Frameworks";
				PRODUCT_BUNDLE_IDENTIFIER = com.dustinlangner.Instagram2;
				PRODUCT_NAME = "$(TARGET_NAME)";
			};
			name = Release;
		};
		F22C9A231C7D5FDB00662EEA /* Debug */ = {
			isa = XCBuildConfiguration;
			buildSettings = {
				BUNDLE_LOADER = "$(TEST_HOST)";
				INFOPLIST_FILE = Instagram2Tests/Info.plist;
				LD_RUNPATH_SEARCH_PATHS = "$(inherited) @executable_path/Frameworks @loader_path/Frameworks";
				PRODUCT_BUNDLE_IDENTIFIER = com.dustinlangner.Instagram2Tests;
				PRODUCT_NAME = "$(TARGET_NAME)";
				TEST_HOST = "$(BUILT_PRODUCTS_DIR)/Instagram2.app/Instagram2";
			};
			name = Debug;
		};
		F22C9A241C7D5FDB00662EEA /* Release */ = {
			isa = XCBuildConfiguration;
			buildSettings = {
				BUNDLE_LOADER = "$(TEST_HOST)";
				INFOPLIST_FILE = Instagram2Tests/Info.plist;
				LD_RUNPATH_SEARCH_PATHS = "$(inherited) @executable_path/Frameworks @loader_path/Frameworks";
				PRODUCT_BUNDLE_IDENTIFIER = com.dustinlangner.Instagram2Tests;
				PRODUCT_NAME = "$(TARGET_NAME)";
				TEST_HOST = "$(BUILT_PRODUCTS_DIR)/Instagram2.app/Instagram2";
			};
			name = Release;
		};
		F22C9A261C7D5FDB00662EEA /* Debug */ = {
			isa = XCBuildConfiguration;
			buildSettings = {
				INFOPLIST_FILE = Instagram2UITests/Info.plist;
				LD_RUNPATH_SEARCH_PATHS = "$(inherited) @executable_path/Frameworks @loader_path/Frameworks";
				PRODUCT_BUNDLE_IDENTIFIER = com.dustinlangner.Instagram2UITests;
				PRODUCT_NAME = "$(TARGET_NAME)";
				TEST_TARGET_NAME = Instagram2;
				USES_XCTRUNNER = YES;
			};
			name = Debug;
		};
		F22C9A271C7D5FDB00662EEA /* Release */ = {
			isa = XCBuildConfiguration;
			buildSettings = {
				INFOPLIST_FILE = Instagram2UITests/Info.plist;
				LD_RUNPATH_SEARCH_PATHS = "$(inherited) @executable_path/Frameworks @loader_path/Frameworks";
				PRODUCT_BUNDLE_IDENTIFIER = com.dustinlangner.Instagram2UITests;
				PRODUCT_NAME = "$(TARGET_NAME)";
				TEST_TARGET_NAME = Instagram2;
				USES_XCTRUNNER = YES;
			};
			name = Release;
		};
/* End XCBuildConfiguration section */

/* Begin XCConfigurationList section */
		F22C99F21C7D5FDB00662EEA /* Build configuration list for PBXProject "Instagram2" */ = {
			isa = XCConfigurationList;
			buildConfigurations = (
				F22C9A1D1C7D5FDB00662EEA /* Debug */,
				F22C9A1E1C7D5FDB00662EEA /* Release */,
			);
			defaultConfigurationIsVisible = 0;
			defaultConfigurationName = Release;
		};
		F22C9A1F1C7D5FDB00662EEA /* Build configuration list for PBXNativeTarget "Instagram2" */ = {
			isa = XCConfigurationList;
			buildConfigurations = (
				F22C9A201C7D5FDB00662EEA /* Debug */,
				F22C9A211C7D5FDB00662EEA /* Release */,
			);
			defaultConfigurationIsVisible = 0;
		};
		F22C9A221C7D5FDB00662EEA /* Build configuration list for PBXNativeTarget "Instagram2Tests" */ = {
			isa = XCConfigurationList;
			buildConfigurations = (
				F22C9A231C7D5FDB00662EEA /* Debug */,
				F22C9A241C7D5FDB00662EEA /* Release */,
			);
			defaultConfigurationIsVisible = 0;
		};
		F22C9A251C7D5FDB00662EEA /* Build configuration list for PBXNativeTarget "Instagram2UITests" */ = {
			isa = XCConfigurationList;
			buildConfigurations = (
				F22C9A261C7D5FDB00662EEA /* Debug */,
				F22C9A271C7D5FDB00662EEA /* Release */,
			);
			defaultConfigurationIsVisible = 0;
		};
/* End XCConfigurationList section */
	};
	rootObject = F22C99EF1C7D5FDB00662EEA /* Project object */;
}
